// !$*UTF8*$!
{
	archiveVersion = 1;
	classes = {
	};
	objectVersion = 46;
	objects = {

/* Begin PBXBuildFile section */
		CD033AAB1CEEB0B1009A5333 /* main.m in Sources */ = {isa = PBXBuildFile; fileRef = CD033AAA1CEEB0B1009A5333 /* main.m */; };
		CD033AAE1CEEB0B1009A5333 /* AppDelegate.m in Sources */ = {isa = PBXBuildFile; fileRef = CD033AAD1CEEB0B1009A5333 /* AppDelegate.m */; };
		CD033AB11CEEB0B1009A5333 /* ViewController.m in Sources */ = {isa = PBXBuildFile; fileRef = CD033AB01CEEB0B1009A5333 /* ViewController.m */; };
		CD033AB41CEEB0B1009A5333 /* Main.storyboard in Resources */ = {isa = PBXBuildFile; fileRef = CD033AB21CEEB0B1009A5333 /* Main.storyboard */; };
		CD033AB61CEEB0B1009A5333 /* Assets.xcassets in Resources */ = {isa = PBXBuildFile; fileRef = CD033AB51CEEB0B1009A5333 /* Assets.xcassets */; };
		CD033AB91CEEB0B1009A5333 /* LaunchScreen.storyboard in Resources */ = {isa = PBXBuildFile; fileRef = CD033AB71CEEB0B1009A5333 /* LaunchScreen.storyboard */; };
		CD033AC41CEEB0B1009A5333 /* ZHNCarouselViewTests.m in Sources */ = {isa = PBXBuildFile; fileRef = CD033AC31CEEB0B1009A5333 /* ZHNCarouselViewTests.m */; };
		CD033ACF1CEEB0B1009A5333 /* ZHNCarouselViewUITests.m in Sources */ = {isa = PBXBuildFile; fileRef = CD033ACE1CEEB0B1009A5333 /* ZHNCarouselViewUITests.m */; };
		CD033AEC1CEEB10F009A5333 /* UIImageView+ZHNimage.m in Sources */ = {isa = PBXBuildFile; fileRef = CD033ADF1CEEB10F009A5333 /* UIImageView+ZHNimage.m */; };
		CD033AED1CEEB10F009A5333 /* UIImageView+ZHNimageCache.m in Sources */ = {isa = PBXBuildFile; fileRef = CD033AE11CEEB10F009A5333 /* UIImageView+ZHNimageCache.m */; };
		CD033AEE1CEEB10F009A5333 /* ZHNdiskCache.m in Sources */ = {isa = PBXBuildFile; fileRef = CD033AE31CEEB10F009A5333 /* ZHNdiskCache.m */; };
		CD033AEF1CEEB10F009A5333 /* ZHNimageDownLoader.m in Sources */ = {isa = PBXBuildFile; fileRef = CD033AE51CEEB10F009A5333 /* ZHNimageDownLoader.m */; };
		CD033AF01CEEB10F009A5333 /* ZHNmemoryCache.m in Sources */ = {isa = PBXBuildFile; fileRef = CD033AE71CEEB10F009A5333 /* ZHNmemoryCache.m */; };
		CD033AF11CEEB10F009A5333 /* ZHNwebImageCache.m in Sources */ = {isa = PBXBuildFile; fileRef = CD033AE91CEEB10F009A5333 /* ZHNwebImageCache.m */; };
		CD033AF21CEEB10F009A5333 /* ZHNwebImageOperation.m in Sources */ = {isa = PBXBuildFile; fileRef = CD033AEB1CEEB10F009A5333 /* ZHNwebImageOperation.m */; };
		CDFD90B21CF2F35000B04B84 /* MKAnnotationView+WebCache.m in Sources */ = {isa = PBXBuildFile; fileRef = CDFD90921CF2F34F00B04B84 /* MKAnnotationView+WebCache.m */; };
		CDFD90B31CF2F35000B04B84 /* NSData+ImageContentType.m in Sources */ = {isa = PBXBuildFile; fileRef = CDFD90941CF2F34F00B04B84 /* NSData+ImageContentType.m */; };
		CDFD90B41CF2F35000B04B84 /* SDImageCache.m in Sources */ = {isa = PBXBuildFile; fileRef = CDFD90961CF2F34F00B04B84 /* SDImageCache.m */; };
		CDFD90B51CF2F35000B04B84 /* SDWebImageCompat.m in Sources */ = {isa = PBXBuildFile; fileRef = CDFD90981CF2F34F00B04B84 /* SDWebImageCompat.m */; };
		CDFD90B61CF2F35000B04B84 /* SDWebImageDecoder.m in Sources */ = {isa = PBXBuildFile; fileRef = CDFD909A1CF2F34F00B04B84 /* SDWebImageDecoder.m */; };
		CDFD90B71CF2F35000B04B84 /* SDWebImageDownloader.m in Sources */ = {isa = PBXBuildFile; fileRef = CDFD909C1CF2F34F00B04B84 /* SDWebImageDownloader.m */; };
		CDFD90B81CF2F35000B04B84 /* SDWebImageDownloaderOperation.m in Sources */ = {isa = PBXBuildFile; fileRef = CDFD909E1CF2F34F00B04B84 /* SDWebImageDownloaderOperation.m */; };
		CDFD90B91CF2F35000B04B84 /* SDWebImageManager.m in Sources */ = {isa = PBXBuildFile; fileRef = CDFD90A01CF2F34F00B04B84 /* SDWebImageManager.m */; };
		CDFD90BA1CF2F35000B04B84 /* SDWebImagePrefetcher.m in Sources */ = {isa = PBXBuildFile; fileRef = CDFD90A31CF2F34F00B04B84 /* SDWebImagePrefetcher.m */; };
		CDFD90BB1CF2F35000B04B84 /* UIButton+WebCache.m in Sources */ = {isa = PBXBuildFile; fileRef = CDFD90A51CF2F34F00B04B84 /* UIButton+WebCache.m */; };
		CDFD90BC1CF2F35000B04B84 /* UIImage+GIF.m in Sources */ = {isa = PBXBuildFile; fileRef = CDFD90A71CF2F34F00B04B84 /* UIImage+GIF.m */; };
		CDFD90BD1CF2F35000B04B84 /* UIImage+MultiFormat.m in Sources */ = {isa = PBXBuildFile; fileRef = CDFD90A91CF2F35000B04B84 /* UIImage+MultiFormat.m */; };
		CDFD90BE1CF2F35000B04B84 /* UIImage+WebP.m in Sources */ = {isa = PBXBuildFile; fileRef = CDFD90AB1CF2F35000B04B84 /* UIImage+WebP.m */; };
		CDFD90BF1CF2F35000B04B84 /* UIImageView+HighlightedWebCache.m in Sources */ = {isa = PBXBuildFile; fileRef = CDFD90AD1CF2F35000B04B84 /* UIImageView+HighlightedWebCache.m */; };
		CDFD90C01CF2F35000B04B84 /* UIImageView+WebCache.m in Sources */ = {isa = PBXBuildFile; fileRef = CDFD90AF1CF2F35000B04B84 /* UIImageView+WebCache.m */; };
		CDFD90C11CF2F35000B04B84 /* UIView+WebCacheOperation.m in Sources */ = {isa = PBXBuildFile; fileRef = CDFD90B11CF2F35000B04B84 /* UIView+WebCacheOperation.m */; };
		CDFD90C41CF4002D00B04B84 /* ZHNunlimitedCarouselView.m in Sources */ = {isa = PBXBuildFile; fileRef = CDFD90C31CF4002D00B04B84 /* ZHNunlimitedCarouselView.m */; };
		CDFD90C71CF401D100B04B84 /* ZHNunlimitedCell.m in Sources */ = {isa = PBXBuildFile; fileRef = CDFD90C61CF401D100B04B84 /* ZHNunlimitedCell.m */; };
/* End PBXBuildFile section */

/* Begin PBXContainerItemProxy section */
		CD033AC01CEEB0B1009A5333 /* PBXContainerItemProxy */ = {
			isa = PBXContainerItemProxy;
			containerPortal = CD033A9E1CEEB0B1009A5333 /* Project object */;
			proxyType = 1;
			remoteGlobalIDString = CD033AA51CEEB0B1009A5333;
			remoteInfo = ZHNCarouselView;
		};
		CD033ACB1CEEB0B1009A5333 /* PBXContainerItemProxy */ = {
			isa = PBXContainerItemProxy;
			containerPortal = CD033A9E1CEEB0B1009A5333 /* Project object */;
			proxyType = 1;
			remoteGlobalIDString = CD033AA51CEEB0B1009A5333;
			remoteInfo = ZHNCarouselView;
		};
/* End PBXContainerItemProxy section */

/* Begin PBXFileReference section */
		CD033AA61CEEB0B1009A5333 /* ZHNCarouselView.app */ = {isa = PBXFileReference; explicitFileType = wrapper.application; includeInIndex = 0; path = ZHNCarouselView.app; sourceTree = BUILT_PRODUCTS_DIR; };
		CD033AAA1CEEB0B1009A5333 /* main.m */ = {isa = PBXFileReference; lastKnownFileType = sourcecode.c.objc; path = main.m; sourceTree = "<group>"; };
		CD033AAC1CEEB0B1009A5333 /* AppDelegate.h */ = {isa = PBXFileReference; lastKnownFileType = sourcecode.c.h; path = AppDelegate.h; sourceTree = "<group>"; };
		CD033AAD1CEEB0B1009A5333 /* AppDelegate.m */ = {isa = PBXFileReference; lastKnownFileType = sourcecode.c.objc; path = AppDelegate.m; sourceTree = "<group>"; };
		CD033AAF1CEEB0B1009A5333 /* ViewController.h */ = {isa = PBXFileReference; lastKnownFileType = sourcecode.c.h; path = ViewController.h; sourceTree = "<group>"; };
		CD033AB01CEEB0B1009A5333 /* ViewController.m */ = {isa = PBXFileReference; lastKnownFileType = sourcecode.c.objc; path = ViewController.m; sourceTree = "<group>"; };
		CD033AB31CEEB0B1009A5333 /* Base */ = {isa = PBXFileReference; lastKnownFileType = file.storyboard; name = Base; path = Base.lproj/Main.storyboard; sourceTree = "<group>"; };
		CD033AB51CEEB0B1009A5333 /* Assets.xcassets */ = {isa = PBXFileReference; lastKnownFileType = folder.assetcatalog; path = Assets.xcassets; sourceTree = "<group>"; };
		CD033AB81CEEB0B1009A5333 /* Base */ = {isa = PBXFileReference; lastKnownFileType = file.storyboard; name = Base; path = Base.lproj/LaunchScreen.storyboard; sourceTree = "<group>"; };
		CD033ABA1CEEB0B1009A5333 /* Info.plist */ = {isa = PBXFileReference; lastKnownFileType = text.plist.xml; path = Info.plist; sourceTree = "<group>"; };
		CD033ABF1CEEB0B1009A5333 /* ZHNCarouselViewTests.xctest */ = {isa = PBXFileReference; explicitFileType = wrapper.cfbundle; includeInIndex = 0; path = ZHNCarouselViewTests.xctest; sourceTree = BUILT_PRODUCTS_DIR; };
		CD033AC31CEEB0B1009A5333 /* ZHNCarouselViewTests.m */ = {isa = PBXFileReference; lastKnownFileType = sourcecode.c.objc; path = ZHNCarouselViewTests.m; sourceTree = "<group>"; };
		CD033AC51CEEB0B1009A5333 /* Info.plist */ = {isa = PBXFileReference; lastKnownFileType = text.plist.xml; path = Info.plist; sourceTree = "<group>"; };
		CD033ACA1CEEB0B1009A5333 /* ZHNCarouselViewUITests.xctest */ = {isa = PBXFileReference; explicitFileType = wrapper.cfbundle; includeInIndex = 0; path = ZHNCarouselViewUITests.xctest; sourceTree = BUILT_PRODUCTS_DIR; };
		CD033ACE1CEEB0B1009A5333 /* ZHNCarouselViewUITests.m */ = {isa = PBXFileReference; lastKnownFileType = sourcecode.c.objc; path = ZHNCarouselViewUITests.m; sourceTree = "<group>"; };
		CD033AD01CEEB0B1009A5333 /* Info.plist */ = {isa = PBXFileReference; lastKnownFileType = text.plist.xml; path = Info.plist; sourceTree = "<group>"; };
		CD033ADE1CEEB10F009A5333 /* UIImageView+ZHNimage.h */ = {isa = PBXFileReference; fileEncoding = 4; lastKnownFileType = sourcecode.c.h; path = "UIImageView+ZHNimage.h"; sourceTree = "<group>"; };
		CD033ADF1CEEB10F009A5333 /* UIImageView+ZHNimage.m */ = {isa = PBXFileReference; fileEncoding = 4; lastKnownFileType = sourcecode.c.objc; path = "UIImageView+ZHNimage.m"; sourceTree = "<group>"; };
		CD033AE01CEEB10F009A5333 /* UIImageView+ZHNimageCache.h */ = {isa = PBXFileReference; fileEncoding = 4; lastKnownFileType = sourcecode.c.h; path = "UIImageView+ZHNimageCache.h"; sourceTree = "<group>"; };
		CD033AE11CEEB10F009A5333 /* UIImageView+ZHNimageCache.m */ = {isa = PBXFileReference; fileEncoding = 4; lastKnownFileType = sourcecode.c.objc; path = "UIImageView+ZHNimageCache.m"; sourceTree = "<group>"; };
		CD033AE21CEEB10F009A5333 /* ZHNdiskCache.h */ = {isa = PBXFileReference; fileEncoding = 4; lastKnownFileType = sourcecode.c.h; path = ZHNdiskCache.h; sourceTree = "<group>"; };
		CD033AE31CEEB10F009A5333 /* ZHNdiskCache.m */ = {isa = PBXFileReference; fileEncoding = 4; lastKnownFileType = sourcecode.c.objc; path = ZHNdiskCache.m; sourceTree = "<group>"; };
		CD033AE41CEEB10F009A5333 /* ZHNimageDownLoader.h */ = {isa = PBXFileReference; fileEncoding = 4; lastKnownFileType = sourcecode.c.h; path = ZHNimageDownLoader.h; sourceTree = "<group>"; };
		CD033AE51CEEB10F009A5333 /* ZHNimageDownLoader.m */ = {isa = PBXFileReference; fileEncoding = 4; lastKnownFileType = sourcecode.c.objc; path = ZHNimageDownLoader.m; sourceTree = "<group>"; };
		CD033AE61CEEB10F009A5333 /* ZHNmemoryCache.h */ = {isa = PBXFileReference; fileEncoding = 4; lastKnownFileType = sourcecode.c.h; path = ZHNmemoryCache.h; sourceTree = "<group>"; };
		CD033AE71CEEB10F009A5333 /* ZHNmemoryCache.m */ = {isa = PBXFileReference; fileEncoding = 4; lastKnownFileType = sourcecode.c.objc; path = ZHNmemoryCache.m; sourceTree = "<group>"; };
		CD033AE81CEEB10F009A5333 /* ZHNwebImageCache.h */ = {isa = PBXFileReference; fileEncoding = 4; lastKnownFileType = sourcecode.c.h; path = ZHNwebImageCache.h; sourceTree = "<group>"; };
		CD033AE91CEEB10F009A5333 /* ZHNwebImageCache.m */ = {isa = PBXFileReference; fileEncoding = 4; lastKnownFileType = sourcecode.c.objc; path = ZHNwebImageCache.m; sourceTree = "<group>"; };
		CD033AEA1CEEB10F009A5333 /* ZHNwebImageOperation.h */ = {isa = PBXFileReference; fileEncoding = 4; lastKnownFileType = sourcecode.c.h; path = ZHNwebImageOperation.h; sourceTree = "<group>"; };
		CD033AEB1CEEB10F009A5333 /* ZHNwebImageOperation.m */ = {isa = PBXFileReference; fileEncoding = 4; lastKnownFileType = sourcecode.c.objc; path = ZHNwebImageOperation.m; sourceTree = "<group>"; };
		CDFD90911CF2F34F00B04B84 /* MKAnnotationView+WebCache.h */ = {isa = PBXFileReference; fileEncoding = 4; lastKnownFileType = sourcecode.c.h; path = "MKAnnotationView+WebCache.h"; sourceTree = "<group>"; };
		CDFD90921CF2F34F00B04B84 /* MKAnnotationView+WebCache.m */ = {isa = PBXFileReference; fileEncoding = 4; lastKnownFileType = sourcecode.c.objc; path = "MKAnnotationView+WebCache.m"; sourceTree = "<group>"; };
		CDFD90931CF2F34F00B04B84 /* NSData+ImageContentType.h */ = {isa = PBXFileReference; fileEncoding = 4; lastKnownFileType = sourcecode.c.h; path = "NSData+ImageContentType.h"; sourceTree = "<group>"; };
		CDFD90941CF2F34F00B04B84 /* NSData+ImageContentType.m */ = {isa = PBXFileReference; fileEncoding = 4; lastKnownFileType = sourcecode.c.objc; path = "NSData+ImageContentType.m"; sourceTree = "<group>"; };
		CDFD90951CF2F34F00B04B84 /* SDImageCache.h */ = {isa = PBXFileReference; fileEncoding = 4; lastKnownFileType = sourcecode.c.h; path = SDImageCache.h; sourceTree = "<group>"; };
		CDFD90961CF2F34F00B04B84 /* SDImageCache.m */ = {isa = PBXFileReference; fileEncoding = 4; lastKnownFileType = sourcecode.c.objc; path = SDImageCache.m; sourceTree = "<group>"; };
		CDFD90971CF2F34F00B04B84 /* SDWebImageCompat.h */ = {isa = PBXFileReference; fileEncoding = 4; lastKnownFileType = sourcecode.c.h; path = SDWebImageCompat.h; sourceTree = "<group>"; };
		CDFD90981CF2F34F00B04B84 /* SDWebImageCompat.m */ = {isa = PBXFileReference; fileEncoding = 4; lastKnownFileType = sourcecode.c.objc; path = SDWebImageCompat.m; sourceTree = "<group>"; };
		CDFD90991CF2F34F00B04B84 /* SDWebImageDecoder.h */ = {isa = PBXFileReference; fileEncoding = 4; lastKnownFileType = sourcecode.c.h; path = SDWebImageDecoder.h; sourceTree = "<group>"; };
		CDFD909A1CF2F34F00B04B84 /* SDWebImageDecoder.m */ = {isa = PBXFileReference; fileEncoding = 4; lastKnownFileType = sourcecode.c.objc; path = SDWebImageDecoder.m; sourceTree = "<group>"; };
		CDFD909B1CF2F34F00B04B84 /* SDWebImageDownloader.h */ = {isa = PBXFileReference; fileEncoding = 4; lastKnownFileType = sourcecode.c.h; path = SDWebImageDownloader.h; sourceTree = "<group>"; };
		CDFD909C1CF2F34F00B04B84 /* SDWebImageDownloader.m */ = {isa = PBXFileReference; fileEncoding = 4; lastKnownFileType = sourcecode.c.objc; path = SDWebImageDownloader.m; sourceTree = "<group>"; };
		CDFD909D1CF2F34F00B04B84 /* SDWebImageDownloaderOperation.h */ = {isa = PBXFileReference; fileEncoding = 4; lastKnownFileType = sourcecode.c.h; path = SDWebImageDownloaderOperation.h; sourceTree = "<group>"; };
		CDFD909E1CF2F34F00B04B84 /* SDWebImageDownloaderOperation.m */ = {isa = PBXFileReference; fileEncoding = 4; lastKnownFileType = sourcecode.c.objc; path = SDWebImageDownloaderOperation.m; sourceTree = "<group>"; };
		CDFD909F1CF2F34F00B04B84 /* SDWebImageManager.h */ = {isa = PBXFileReference; fileEncoding = 4; lastKnownFileType = sourcecode.c.h; path = SDWebImageManager.h; sourceTree = "<group>"; };
		CDFD90A01CF2F34F00B04B84 /* SDWebImageManager.m */ = {isa = PBXFileReference; fileEncoding = 4; lastKnownFileType = sourcecode.c.objc; path = SDWebImageManager.m; sourceTree = "<group>"; };
		CDFD90A11CF2F34F00B04B84 /* SDWebImageOperation.h */ = {isa = PBXFileReference; fileEncoding = 4; lastKnownFileType = sourcecode.c.h; path = SDWebImageOperation.h; sourceTree = "<group>"; };
		CDFD90A21CF2F34F00B04B84 /* SDWebImagePrefetcher.h */ = {isa = PBXFileReference; fileEncoding = 4; lastKnownFileType = sourcecode.c.h; path = SDWebImagePrefetcher.h; sourceTree = "<group>"; };
		CDFD90A31CF2F34F00B04B84 /* SDWebImagePrefetcher.m */ = {isa = PBXFileReference; fileEncoding = 4; lastKnownFileType = sourcecode.c.objc; path = SDWebImagePrefetcher.m; sourceTree = "<group>"; };
		CDFD90A41CF2F34F00B04B84 /* UIButton+WebCache.h */ = {isa = PBXFileReference; fileEncoding = 4; lastKnownFileType = sourcecode.c.h; path = "UIButton+WebCache.h"; sourceTree = "<group>"; };
		CDFD90A51CF2F34F00B04B84 /* UIButton+WebCache.m */ = {isa = PBXFileReference; fileEncoding = 4; lastKnownFileType = sourcecode.c.objc; path = "UIButton+WebCache.m"; sourceTree = "<group>"; };
		CDFD90A61CF2F34F00B04B84 /* UIImage+GIF.h */ = {isa = PBXFileReference; fileEncoding = 4; lastKnownFileType = sourcecode.c.h; path = "UIImage+GIF.h"; sourceTree = "<group>"; };
		CDFD90A71CF2F34F00B04B84 /* UIImage+GIF.m */ = {isa = PBXFileReference; fileEncoding = 4; lastKnownFileType = sourcecode.c.objc; path = "UIImage+GIF.m"; sourceTree = "<group>"; };
		CDFD90A81CF2F35000B04B84 /* UIImage+MultiFormat.h */ = {isa = PBXFileReference; fileEncoding = 4; lastKnownFileType = sourcecode.c.h; path = "UIImage+MultiFormat.h"; sourceTree = "<group>"; };
		CDFD90A91CF2F35000B04B84 /* UIImage+MultiFormat.m */ = {isa = PBXFileReference; fileEncoding = 4; lastKnownFileType = sourcecode.c.objc; path = "UIImage+MultiFormat.m"; sourceTree = "<group>"; };
		CDFD90AA1CF2F35000B04B84 /* UIImage+WebP.h */ = {isa = PBXFileReference; fileEncoding = 4; lastKnownFileType = sourcecode.c.h; path = "UIImage+WebP.h"; sourceTree = "<group>"; };
		CDFD90AB1CF2F35000B04B84 /* UIImage+WebP.m */ = {isa = PBXFileReference; fileEncoding = 4; lastKnownFileType = sourcecode.c.objc; path = "UIImage+WebP.m"; sourceTree = "<group>"; };
		CDFD90AC1CF2F35000B04B84 /* UIImageView+HighlightedWebCache.h */ = {isa = PBXFileReference; fileEncoding = 4; lastKnownFileType = sourcecode.c.h; path = "UIImageView+HighlightedWebCache.h"; sourceTree = "<group>"; };
		CDFD90AD1CF2F35000B04B84 /* UIImageView+HighlightedWebCache.m */ = {isa = PBXFileReference; fileEncoding = 4; lastKnownFileType = sourcecode.c.objc; path = "UIImageView+HighlightedWebCache.m"; sourceTree = "<group>"; };
		CDFD90AE1CF2F35000B04B84 /* UIImageView+WebCache.h */ = {isa = PBXFileReference; fileEncoding = 4; lastKnownFileType = sourcecode.c.h; path = "UIImageView+WebCache.h"; sourceTree = "<group>"; };
		CDFD90AF1CF2F35000B04B84 /* UIImageView+WebCache.m */ = {isa = PBXFileReference; fileEncoding = 4; lastKnownFileType = sourcecode.c.objc; path = "UIImageView+WebCache.m"; sourceTree = "<group>"; };
		CDFD90B01CF2F35000B04B84 /* UIView+WebCacheOperation.h */ = {isa = PBXFileReference; fileEncoding = 4; lastKnownFileType = sourcecode.c.h; path = "UIView+WebCacheOperation.h"; sourceTree = "<group>"; };
		CDFD90B11CF2F35000B04B84 /* UIView+WebCacheOperation.m */ = {isa = PBXFileReference; fileEncoding = 4; lastKnownFileType = sourcecode.c.objc; path = "UIView+WebCacheOperation.m"; sourceTree = "<group>"; };
		CDFD90C21CF4002D00B04B84 /* ZHNunlimitedCarouselView.h */ = {isa = PBXFileReference; fileEncoding = 4; lastKnownFileType = sourcecode.c.h; path = ZHNunlimitedCarouselView.h; sourceTree = "<group>"; };
		CDFD90C31CF4002D00B04B84 /* ZHNunlimitedCarouselView.m */ = {isa = PBXFileReference; fileEncoding = 4; lastKnownFileType = sourcecode.c.objc; path = ZHNunlimitedCarouselView.m; sourceTree = "<group>"; };
		CDFD90C51CF401D100B04B84 /* ZHNunlimitedCell.h */ = {isa = PBXFileReference; fileEncoding = 4; lastKnownFileType = sourcecode.c.h; path = ZHNunlimitedCell.h; sourceTree = "<group>"; };
		CDFD90C61CF401D100B04B84 /* ZHNunlimitedCell.m */ = {isa = PBXFileReference; fileEncoding = 4; lastKnownFileType = sourcecode.c.objc; path = ZHNunlimitedCell.m; sourceTree = "<group>"; };
/* End PBXFileReference section */

/* Begin PBXFrameworksBuildPhase section */
		CD033AA31CEEB0B1009A5333 /* Frameworks */ = {
			isa = PBXFrameworksBuildPhase;
			buildActionMask = 2147483647;
			files = (
			);
			runOnlyForDeploymentPostprocessing = 0;
		};
		CD033ABC1CEEB0B1009A5333 /* Frameworks */ = {
			isa = PBXFrameworksBuildPhase;
			buildActionMask = 2147483647;
			files = (
			);
			runOnlyForDeploymentPostprocessing = 0;
		};
		CD033AC71CEEB0B1009A5333 /* Frameworks */ = {
			isa = PBXFrameworksBuildPhase;
			buildActionMask = 2147483647;
			files = (
			);
			runOnlyForDeploymentPostprocessing = 0;
		};
/* End PBXFrameworksBuildPhase section */

/* Begin PBXGroup section */
		CD033A9D1CEEB0B1009A5333 = {
			isa = PBXGroup;
			children = (
				CD033AA81CEEB0B1009A5333 /* ZHNCarouselView */,
				CD033AC21CEEB0B1009A5333 /* ZHNCarouselViewTests */,
				CD033ACD1CEEB0B1009A5333 /* ZHNCarouselViewUITests */,
				CD033AA71CEEB0B1009A5333 /* Products */,
			);
			sourceTree = "<group>";
		};
		CD033AA71CEEB0B1009A5333 /* Products */ = {
			isa = PBXGroup;
			children = (
				CD033AA61CEEB0B1009A5333 /* ZHNCarouselView.app */,
				CD033ABF1CEEB0B1009A5333 /* ZHNCarouselViewTests.xctest */,
				CD033ACA1CEEB0B1009A5333 /* ZHNCarouselViewUITests.xctest */,
			);
			name = Products;
			sourceTree = "<group>";
		};
		CD033AA81CEEB0B1009A5333 /* ZHNCarouselView */ = {
			isa = PBXGroup;
			children = (
				CD033ADD1CEEB10F009A5333 /* zhncustomWebImage */,
				CD033ADC1CEEB0BD009A5333 /* ZHNCarouselView */,
				CD033AAC1CEEB0B1009A5333 /* AppDelegate.h */,
				CD033AAD1CEEB0B1009A5333 /* AppDelegate.m */,
				CD033AAF1CEEB0B1009A5333 /* ViewController.h */,
				CD033AB01CEEB0B1009A5333 /* ViewController.m */,
				CD033AB21CEEB0B1009A5333 /* Main.storyboard */,
				CD033AB51CEEB0B1009A5333 /* Assets.xcassets */,
				CD033AB71CEEB0B1009A5333 /* LaunchScreen.storyboard */,
				CD033ABA1CEEB0B1009A5333 /* Info.plist */,
				CD033AA91CEEB0B1009A5333 /* Supporting Files */,
			);
			path = ZHNCarouselView;
			sourceTree = "<group>";
		};
		CD033AA91CEEB0B1009A5333 /* Supporting Files */ = {
			isa = PBXGroup;
			children = (
				CD033AAA1CEEB0B1009A5333 /* main.m */,
			);
			name = "Supporting Files";
			sourceTree = "<group>";
		};
		CD033AC21CEEB0B1009A5333 /* ZHNCarouselViewTests */ = {
			isa = PBXGroup;
			children = (
				CD033AC31CEEB0B1009A5333 /* ZHNCarouselViewTests.m */,
				CD033AC51CEEB0B1009A5333 /* Info.plist */,
			);
			path = ZHNCarouselViewTests;
			sourceTree = "<group>";
		};
		CD033ACD1CEEB0B1009A5333 /* ZHNCarouselViewUITests */ = {
			isa = PBXGroup;
			children = (
				CD033ACE1CEEB0B1009A5333 /* ZHNCarouselViewUITests.m */,
				CD033AD01CEEB0B1009A5333 /* Info.plist */,
			);
			path = ZHNCarouselViewUITests;
			sourceTree = "<group>";
		};
		CD033ADC1CEEB0BD009A5333 /* ZHNCarouselView */ = {
			isa = PBXGroup;
			children = (
			);
			name = ZHNCarouselView;
			sourceTree = "<group>";
		};
		CD033ADD1CEEB10F009A5333 /* zhncustomWebImage */ = {
			isa = PBXGroup;
			children = (
				CDFD90901CF2F34F00B04B84 /* SDWebImage */,
				CD033ADE1CEEB10F009A5333 /* UIImageView+ZHNimage.h */,
				CD033ADF1CEEB10F009A5333 /* UIImageView+ZHNimage.m */,
				CD033AE01CEEB10F009A5333 /* UIImageView+ZHNimageCache.h */,
				CD033AE11CEEB10F009A5333 /* UIImageView+ZHNimageCache.m */,
				CD033AE41CEEB10F009A5333 /* ZHNimageDownLoader.h */,
				CD033AE51CEEB10F009A5333 /* ZHNimageDownLoader.m */,
				CD033AE21CEEB10F009A5333 /* ZHNdiskCache.h */,
				CD033AE31CEEB10F009A5333 /* ZHNdiskCache.m */,
				CD033AE61CEEB10F009A5333 /* ZHNmemoryCache.h */,
				CD033AE71CEEB10F009A5333 /* ZHNmemoryCache.m */,
				CD033AE81CEEB10F009A5333 /* ZHNwebImageCache.h */,
				CD033AE91CEEB10F009A5333 /* ZHNwebImageCache.m */,
				CD033AEA1CEEB10F009A5333 /* ZHNwebImageOperation.h */,
				CD033AEB1CEEB10F009A5333 /* ZHNwebImageOperation.m */,
				CDFD90C21CF4002D00B04B84 /* ZHNunlimitedCarouselView.h */,
				CDFD90C31CF4002D00B04B84 /* ZHNunlimitedCarouselView.m */,
				CDFD90C51CF401D100B04B84 /* ZHNunlimitedCell.h */,
				CDFD90C61CF401D100B04B84 /* ZHNunlimitedCell.m */,
			);
			path = zhncustomWebImage;
			sourceTree = "<group>";
		};
		CDFD90901CF2F34F00B04B84 /* SDWebImage */ = {
			isa = PBXGroup;
			children = (
				CDFD90911CF2F34F00B04B84 /* MKAnnotationView+WebCache.h */,
				CDFD90921CF2F34F00B04B84 /* MKAnnotationView+WebCache.m */,
				CDFD90931CF2F34F00B04B84 /* NSData+ImageContentType.h */,
				CDFD90941CF2F34F00B04B84 /* NSData+ImageContentType.m */,
				CDFD90951CF2F34F00B04B84 /* SDImageCache.h */,
				CDFD90961CF2F34F00B04B84 /* SDImageCache.m */,
				CDFD90971CF2F34F00B04B84 /* SDWebImageCompat.h */,
				CDFD90981CF2F34F00B04B84 /* SDWebImageCompat.m */,
				CDFD90991CF2F34F00B04B84 /* SDWebImageDecoder.h */,
				CDFD909A1CF2F34F00B04B84 /* SDWebImageDecoder.m */,
				CDFD909B1CF2F34F00B04B84 /* SDWebImageDownloader.h */,
				CDFD909C1CF2F34F00B04B84 /* SDWebImageDownloader.m */,
				CDFD909D1CF2F34F00B04B84 /* SDWebImageDownloaderOperation.h */,
				CDFD909E1CF2F34F00B04B84 /* SDWebImageDownloaderOperation.m */,
				CDFD909F1CF2F34F00B04B84 /* SDWebImageManager.h */,
				CDFD90A01CF2F34F00B04B84 /* SDWebImageManager.m */,
				CDFD90A11CF2F34F00B04B84 /* SDWebImageOperation.h */,
				CDFD90A21CF2F34F00B04B84 /* SDWebImagePrefetcher.h */,
				CDFD90A31CF2F34F00B04B84 /* SDWebImagePrefetcher.m */,
				CDFD90A41CF2F34F00B04B84 /* UIButton+WebCache.h */,
				CDFD90A51CF2F34F00B04B84 /* UIButton+WebCache.m */,
				CDFD90A61CF2F34F00B04B84 /* UIImage+GIF.h */,
				CDFD90A71CF2F34F00B04B84 /* UIImage+GIF.m */,
				CDFD90A81CF2F35000B04B84 /* UIImage+MultiFormat.h */,
				CDFD90A91CF2F35000B04B84 /* UIImage+MultiFormat.m */,
				CDFD90AA1CF2F35000B04B84 /* UIImage+WebP.h */,
				CDFD90AB1CF2F35000B04B84 /* UIImage+WebP.m */,
				CDFD90AC1CF2F35000B04B84 /* UIImageView+HighlightedWebCache.h */,
				CDFD90AD1CF2F35000B04B84 /* UIImageView+HighlightedWebCache.m */,
				CDFD90AE1CF2F35000B04B84 /* UIImageView+WebCache.h */,
				CDFD90AF1CF2F35000B04B84 /* UIImageView+WebCache.m */,
				CDFD90B01CF2F35000B04B84 /* UIView+WebCacheOperation.h */,
				CDFD90B11CF2F35000B04B84 /* UIView+WebCacheOperation.m */,
			);
			path = SDWebImage;
			sourceTree = "<group>";
		};
/* End PBXGroup section */

/* Begin PBXNativeTarget section */
		CD033AA51CEEB0B1009A5333 /* ZHNCarouselView */ = {
			isa = PBXNativeTarget;
			buildConfigurationList = CD033AD31CEEB0B1009A5333 /* Build configuration list for PBXNativeTarget "ZHNCarouselView" */;
			buildPhases = (
				CD033AA21CEEB0B1009A5333 /* Sources */,
				CD033AA31CEEB0B1009A5333 /* Frameworks */,
				CD033AA41CEEB0B1009A5333 /* Resources */,
			);
			buildRules = (
			);
			dependencies = (
			);
			name = ZHNCarouselView;
			productName = ZHNCarouselView;
			productReference = CD033AA61CEEB0B1009A5333 /* ZHNCarouselView.app */;
			productType = "com.apple.product-type.application";
		};
		CD033ABE1CEEB0B1009A5333 /* ZHNCarouselViewTests */ = {
			isa = PBXNativeTarget;
			buildConfigurationList = CD033AD61CEEB0B1009A5333 /* Build configuration list for PBXNativeTarget "ZHNCarouselViewTests" */;
			buildPhases = (
				CD033ABB1CEEB0B1009A5333 /* Sources */,
				CD033ABC1CEEB0B1009A5333 /* Frameworks */,
				CD033ABD1CEEB0B1009A5333 /* Resources */,
			);
			buildRules = (
			);
			dependencies = (
				CD033AC11CEEB0B1009A5333 /* PBXTargetDependency */,
			);
			name = ZHNCarouselViewTests;
			productName = ZHNCarouselViewTests;
			productReference = CD033ABF1CEEB0B1009A5333 /* ZHNCarouselViewTests.xctest */;
			productType = "com.apple.product-type.bundle.unit-test";
		};
		CD033AC91CEEB0B1009A5333 /* ZHNCarouselViewUITests */ = {
			isa = PBXNativeTarget;
			buildConfigurationList = CD033AD91CEEB0B1009A5333 /* Build configuration list for PBXNativeTarget "ZHNCarouselViewUITests" */;
			buildPhases = (
				CD033AC61CEEB0B1009A5333 /* Sources */,
				CD033AC71CEEB0B1009A5333 /* Frameworks */,
				CD033AC81CEEB0B1009A5333 /* Resources */,
			);
			buildRules = (
			);
			dependencies = (
				CD033ACC1CEEB0B1009A5333 /* PBXTargetDependency */,
			);
			name = ZHNCarouselViewUITests;
			productName = ZHNCarouselViewUITests;
			productReference = CD033ACA1CEEB0B1009A5333 /* ZHNCarouselViewUITests.xctest */;
			productType = "com.apple.product-type.bundle.ui-testing";
		};
/* End PBXNativeTarget section */

/* Begin PBXProject section */
		CD033A9E1CEEB0B1009A5333 /* Project object */ = {
			isa = PBXProject;
			attributes = {
				LastUpgradeCheck = 0720;
				ORGANIZATIONNAME = zhn;
				TargetAttributes = {
					CD033AA51CEEB0B1009A5333 = {
						CreatedOnToolsVersion = 7.2;
					};
					CD033ABE1CEEB0B1009A5333 = {
						CreatedOnToolsVersion = 7.2;
						TestTargetID = CD033AA51CEEB0B1009A5333;
					};
					CD033AC91CEEB0B1009A5333 = {
						CreatedOnToolsVersion = 7.2;
						TestTargetID = CD033AA51CEEB0B1009A5333;
					};
				};
			};
			buildConfigurationList = CD033AA11CEEB0B1009A5333 /* Build configuration list for PBXProject "ZHNCarouselView" */;
			compatibilityVersion = "Xcode 3.2";
			developmentRegion = English;
			hasScannedForEncodings = 0;
			knownRegions = (
				en,
				Base,
			);
			mainGroup = CD033A9D1CEEB0B1009A5333;
			productRefGroup = CD033AA71CEEB0B1009A5333 /* Products */;
			projectDirPath = "";
			projectRoot = "";
			targets = (
				CD033AA51CEEB0B1009A5333 /* ZHNCarouselView */,
				CD033ABE1CEEB0B1009A5333 /* ZHNCarouselViewTests */,
				CD033AC91CEEB0B1009A5333 /* ZHNCarouselViewUITests */,
			);
		};
/* End PBXProject section */

/* Begin PBXResourcesBuildPhase section */
		CD033AA41CEEB0B1009A5333 /* Resources */ = {
			isa = PBXResourcesBuildPhase;
			buildActionMask = 2147483647;
			files = (
				CD033AB91CEEB0B1009A5333 /* LaunchScreen.storyboard in Resources */,
				CD033AB61CEEB0B1009A5333 /* Assets.xcassets in Resources */,
				CD033AB41CEEB0B1009A5333 /* Main.storyboard in Resources */,
			);
			runOnlyForDeploymentPostprocessing = 0;
		};
		CD033ABD1CEEB0B1009A5333 /* Resources */ = {
			isa = PBXResourcesBuildPhase;
			buildActionMask = 2147483647;
			files = (
			);
			runOnlyForDeploymentPostprocessing = 0;
		};
		CD033AC81CEEB0B1009A5333 /* Resources */ = {
			isa = PBXResourcesBuildPhase;
			buildActionMask = 2147483647;
			files = (
			);
			runOnlyForDeploymentPostprocessing = 0;
		};
/* End PBXResourcesBuildPhase section */

/* Begin PBXSourcesBuildPhase section */
		CD033AA21CEEB0B1009A5333 /* Sources */ = {
			isa = PBXSourcesBuildPhase;
			buildActionMask = 2147483647;
			files = (
				CDFD90BC1CF2F35000B04B84 /* UIImage+GIF.m in Sources */,
				CD033AF01CEEB10F009A5333 /* ZHNmemoryCache.m in Sources */,
				CDFD90BA1CF2F35000B04B84 /* SDWebImagePrefetcher.m in Sources */,
				CD033AEF1CEEB10F009A5333 /* ZHNimageDownLoader.m in Sources */,
				CD033AB11CEEB0B1009A5333 /* ViewController.m in Sources */,
				CDFD90B31CF2F35000B04B84 /* NSData+ImageContentType.m in Sources */,
				CD033AF21CEEB10F009A5333 /* ZHNwebImageOperation.m in Sources */,
				CD033AAE1CEEB0B1009A5333 /* AppDelegate.m in Sources */,
				CDFD90BB1CF2F35000B04B84 /* UIButton+WebCache.m in Sources */,
				CDFD90B81CF2F35000B04B84 /* SDWebImageDownloaderOperation.m in Sources */,
				CDFD90B21CF2F35000B04B84 /* MKAnnotationView+WebCache.m in Sources */,
				CDFD90B51CF2F35000B04B84 /* SDWebImageCompat.m in Sources */,
				CD033AED1CEEB10F009A5333 /* UIImageView+ZHNimageCache.m in Sources */,
				CDFD90BD1CF2F35000B04B84 /* UIImage+MultiFormat.m in Sources */,
				CDFD90C01CF2F35000B04B84 /* UIImageView+WebCache.m in Sources */,
				CD033AAB1CEEB0B1009A5333 /* main.m in Sources */,
				CDFD90C11CF2F35000B04B84 /* UIView+WebCacheOperation.m in Sources */,
				CDFD90C41CF4002D00B04B84 /* ZHNunlimitedCarouselView.m in Sources */,
				CD033AF11CEEB10F009A5333 /* ZHNwebImageCache.m in Sources */,
				CDFD90B71CF2F35000B04B84 /* SDWebImageDownloader.m in Sources */,
				CDFD90BF1CF2F35000B04B84 /* UIImageView+HighlightedWebCache.m in Sources */,
				CDFD90B61CF2F35000B04B84 /* SDWebImageDecoder.m in Sources */,
				CDFD90BE1CF2F35000B04B84 /* UIImage+WebP.m in Sources */,
				CDFD90B91CF2F35000B04B84 /* SDWebImageManager.m in Sources */,
				CD033AEE1CEEB10F009A5333 /* ZHNdiskCache.m in Sources */,
				CD033AEC1CEEB10F009A5333 /* UIImageView+ZHNimage.m in Sources */,
				CDFD90C71CF401D100B04B84 /* ZHNunlimitedCell.m in Sources */,
				CDFD90B41CF2F35000B04B84 /* SDImageCache.m in Sources */,
			);
			runOnlyForDeploymentPostprocessing = 0;
		};
		CD033ABB1CEEB0B1009A5333 /* Sources */ = {
			isa = PBXSourcesBuildPhase;
			buildActionMask = 2147483647;
			files = (
				CD033AC41CEEB0B1009A5333 /* ZHNCarouselViewTests.m in Sources */,
			);
			runOnlyForDeploymentPostprocessing = 0;
		};
		CD033AC61CEEB0B1009A5333 /* Sources */ = {
			isa = PBXSourcesBuildPhase;
			buildActionMask = 2147483647;
			files = (
				CD033ACF1CEEB0B1009A5333 /* ZHNCarouselViewUITests.m in Sources */,
			);
			runOnlyForDeploymentPostprocessing = 0;
		};
/* End PBXSourcesBuildPhase section */

/* Begin PBXTargetDependency section */
		CD033AC11CEEB0B1009A5333 /* PBXTargetDependency */ = {
			isa = PBXTargetDependency;
			target = CD033AA51CEEB0B1009A5333 /* ZHNCarouselView */;
			targetProxy = CD033AC01CEEB0B1009A5333 /* PBXContainerItemProxy */;
		};
		CD033ACC1CEEB0B1009A5333 /* PBXTargetDependency */ = {
			isa = PBXTargetDependency;
			target = CD033AA51CEEB0B1009A5333 /* ZHNCarouselView */;
			targetProxy = CD033ACB1CEEB0B1009A5333 /* PBXContainerItemProxy */;
		};
/* End PBXTargetDependency section */

/* Begin PBXVariantGroup section */
		CD033AB21CEEB0B1009A5333 /* Main.storyboard */ = {
			isa = PBXVariantGroup;
			children = (
				CD033AB31CEEB0B1009A5333 /* Base */,
			);
			name = Main.storyboard;
			sourceTree = "<group>";
		};
		CD033AB71CEEB0B1009A5333 /* LaunchScreen.storyboard */ = {
			isa = PBXVariantGroup;
			children = (
				CD033AB81CEEB0B1009A5333 /* Base */,
			);
			name = LaunchScreen.storyboard;
			sourceTree = "<group>";
		};
/* End PBXVariantGroup section */

/* Begin XCBuildConfiguration section */
		CD033AD11CEEB0B1009A5333 /* Debug */ = {
			isa = XCBuildConfiguration;
			buildSettings = {
				ALWAYS_SEARCH_USER_PATHS = NO;
				CLANG_CXX_LANGUAGE_STANDARD = "gnu++0x";
				CLANG_CXX_LIBRARY = "libc++";
				CLANG_ENABLE_MODULES = YES;
				CLANG_ENABLE_OBJC_ARC = YES;
				CLANG_WARN_BOOL_CONVERSION = YES;
				CLANG_WARN_CONSTANT_CONVERSION = YES;
				CLANG_WARN_DIRECT_OBJC_ISA_USAGE = YES_ERROR;
				CLANG_WARN_EMPTY_BODY = YES;
				CLANG_WARN_ENUM_CONVERSION = YES;
				CLANG_WARN_INT_CONVERSION = YES;
				CLANG_WARN_OBJC_ROOT_CLASS = YES_ERROR;
				CLANG_WARN_UNREACHABLE_CODE = YES;
				CLANG_WARN__DUPLICATE_METHOD_MATCH = YES;
				"CODE_SIGN_IDENTITY[sdk=iphoneos*]" = "iPhone Developer";
				COPY_PHASE_STRIP = NO;
				DEBUG_INFORMATION_FORMAT = dwarf;
				ENABLE_STRICT_OBJC_MSGSEND = YES;
				ENABLE_TESTABILITY = YES;
				GCC_C_LANGUAGE_STANDARD = gnu99;
				GCC_DYNAMIC_NO_PIC = NO;
				GCC_NO_COMMON_BLOCKS = YES;
				GCC_OPTIMIZATION_LEVEL = 0;
				GCC_PREPROCESSOR_DEFINITIONS = (
					"DEBUG=1",
					"$(inherited)",
				);
				GCC_WARN_64_TO_32_BIT_CONVERSION = YES;
				GCC_WARN_ABOUT_RETURN_TYPE = YES_ERROR;
				GCC_WARN_UNDECLARED_SELECTOR = YES;
				GCC_WARN_UNINITIALIZED_AUTOS = YES_AGGRESSIVE;
				GCC_WARN_UNUSED_FUNCTION = YES;
				GCC_WARN_UNUSED_VARIABLE = YES;
				IPHONEOS_DEPLOYMENT_TARGET = 9.2;
				MTL_ENABLE_DEBUG_INFO = YES;
				ONLY_ACTIVE_ARCH = YES;
				SDKROOT = iphoneos;
			};
			name = Debug;
		};
		CD033AD21CEEB0B1009A5333 /* Release */ = {
			isa = XCBuildConfiguration;
			buildSettings = {
				ALWAYS_SEARCH_USER_PATHS = NO;
				CLANG_CXX_LANGUAGE_STANDARD = "gnu++0x";
				CLANG_CXX_LIBRARY = "libc++";
				CLANG_ENABLE_MODULES = YES;
				CLANG_ENABLE_OBJC_ARC = YES;
				CLANG_WARN_BOOL_CONVERSION = YES;
				CLANG_WARN_CONSTANT_CONVERSION = YES;
				CLANG_WARN_DIRECT_OBJC_ISA_USAGE = YES_ERROR;
				CLANG_WARN_EMPTY_BODY = YES;
				CLANG_WARN_ENUM_CONVERSION = YES;
				CLANG_WARN_INT_CONVERSION = YES;
				CLANG_WARN_OBJC_ROOT_CLASS = YES_ERROR;
				CLANG_WARN_UNREACHABLE_CODE = YES;
				CLANG_WARN__DUPLICATE_METHOD_MATCH = YES;
				"CODE_SIGN_IDENTITY[sdk=iphoneos*]" = "iPhone Developer";
				COPY_PHASE_STRIP = NO;
				DEBUG_INFORMATION_FORMAT = "dwarf-with-dsym";
				ENABLE_NS_ASSERTIONS = NO;
				ENABLE_STRICT_OBJC_MSGSEND = YES;
				GCC_C_LANGUAGE_STANDARD = gnu99;
				GCC_NO_COMMON_BLOCKS = YES;
				GCC_WARN_64_TO_32_BIT_CONVERSION = YES;
				GCC_WARN_ABOUT_RETURN_TYPE = YES_ERROR;
				GCC_WARN_UNDECLARED_SELECTOR = YES;
				GCC_WARN_UNINITIALIZED_AUTOS = YES_AGGRESSIVE;
				GCC_WARN_UNUSED_FUNCTION = YES;
				GCC_WARN_UNUSED_VARIABLE = YES;
				IPHONEOS_DEPLOYMENT_TARGET = 9.2;
				MTL_ENABLE_DEBUG_INFO = NO;
				SDKROOT = iphoneos;
				VALIDATE_PRODUCT = YES;
			};
			name = Release;
		};
		CD033AD41CEEB0B1009A5333 /* Debug */ = {
			isa = XCBuildConfiguration;
			buildSettings = {
				ASSETCATALOG_COMPILER_APPICON_NAME = AppIcon;
				INFOPLIST_FILE = ZHNCarouselView/Info.plist;
				LD_RUNPATH_SEARCH_PATHS = "$(inherited) @executable_path/Frameworks";
				PRODUCT_BUNDLE_IDENTIFIER = zhn.ZHNCarouselView;
				PRODUCT_NAME = "$(TARGET_NAME)";
			};
			name = Debug;
		};
		CD033AD51CEEB0B1009A5333 /* Release */ = {
			isa = XCBuildConfiguration;
			buildSettings = {
				ASSETCATALOG_COMPILER_APPICON_NAME = AppIcon;
				INFOPLIST_FILE = ZHNCarouselView/Info.plist;
				LD_RUNPATH_SEARCH_PATHS = "$(inherited) @executable_path/Frameworks";
				PRODUCT_BUNDLE_IDENTIFIER = zhn.ZHNCarouselView;
				PRODUCT_NAME = "$(TARGET_NAME)";
			};
			name = Release;
		};
		CD033AD71CEEB0B1009A5333 /* Debug */ = {
			isa = XCBuildConfiguration;
			buildSettings = {
				BUNDLE_LOADER = "$(TEST_HOST)";
				INFOPLIST_FILE = ZHNCarouselViewTests/Info.plist;
				LD_RUNPATH_SEARCH_PATHS = "$(inherited) @executable_path/Frameworks @loader_path/Frameworks";
				PRODUCT_BUNDLE_IDENTIFIER = zhn.ZHNCarouselViewTests;
				PRODUCT_NAME = "$(TARGET_NAME)";
				TEST_HOST = "$(BUILT_PRODUCTS_DIR)/ZHNCarouselView.app/ZHNCarouselView";
			};
			name = Debug;
		};
		CD033AD81CEEB0B1009A5333 /* Release */ = {
			isa = XCBuildConfiguration;
			buildSettings = {
				BUNDLE_LOADER = "$(TEST_HOST)";
				INFOPLIST_FILE = ZHNCarouselViewTests/Info.plist;
				LD_RUNPATH_SEARCH_PATHS = "$(inherited) @executable_path/Frameworks @loader_path/Frameworks";
				PRODUCT_BUNDLE_IDENTIFIER = zhn.ZHNCarouselViewTests;
				PRODUCT_NAME = "$(TARGET_NAME)";
				TEST_HOST = "$(BUILT_PRODUCTS_DIR)/ZHNCarouselView.app/ZHNCarouselView";
			};
			name = Release;
		};
		CD033ADA1CEEB0B1009A5333 /* Debug */ = {
			isa = XCBuildConfiguration;
			buildSettings = {
				INFOPLIST_FILE = ZHNCarouselViewUITests/Info.plist;
				LD_RUNPATH_SEARCH_PATHS = "$(inherited) @executable_path/Frameworks @loader_path/Frameworks";
				PRODUCT_BUNDLE_IDENTIFIER = zhn.ZHNCarouselViewUITests;
				PRODUCT_NAME = "$(TARGET_NAME)";
				TEST_TARGET_NAME = ZHNCarouselView;
				USES_XCTRUNNER = YES;
			};
			name = Debug;
		};
		CD033ADB1CEEB0B1009A5333 /* Release */ = {
			isa = XCBuildConfiguration;
			buildSettings = {
				INFOPLIST_FILE = ZHNCarouselViewUITests/Info.plist;
				LD_RUNPATH_SEARCH_PATHS = "$(inherited) @executable_path/Frameworks @loader_path/Frameworks";
				PRODUCT_BUNDLE_IDENTIFIER = zhn.ZHNCarouselViewUITests;
				PRODUCT_NAME = "$(TARGET_NAME)";
				TEST_TARGET_NAME = ZHNCarouselView;
				USES_XCTRUNNER = YES;
			};
			name = Release;
		};
/* End XCBuildConfiguration section */

/* Begin XCConfigurationList section */
		CD033AA11CEEB0B1009A5333 /* Build configuration list for PBXProject "ZHNCarouselView" */ = {
			isa = XCConfigurationList;
			buildConfigurations = (
				CD033AD11CEEB0B1009A5333 /* Debug */,
				CD033AD21CEEB0B1009A5333 /* Release */,
			);
			defaultConfigurationIsVisible = 0;
			defaultConfigurationName = Release;
		};
		CD033AD31CEEB0B1009A5333 /* Build configuration list for PBXNativeTarget "ZHNCarouselView" */ = {
			isa = XCConfigurationList;
			buildConfigurations = (
				CD033AD41CEEB0B1009A5333 /* Debug */,
				CD033AD51CEEB0B1009A5333 /* Release */,
			);
			defaultConfigurationIsVisible = 0;
			defaultConfigurationName = Release;
		};
		CD033AD61CEEB0B1009A5333 /* Build configuration list for PBXNativeTarget "ZHNCarouselViewTests" */ = {
			isa = XCConfigurationList;
			buildConfigurations = (
				CD033AD71CEEB0B1009A5333 /* Debug */,
				CD033AD81CEEB0B1009A5333 /* Release */,
			);
			defaultConfigurationIsVisible = 0;
			defaultConfigurationName = Release;
		};
		CD033AD91CEEB0B1009A5333 /* Build configuration list for PBXNativeTarget "ZHNCarouselViewUITests" */ = {
			isa = XCConfigurationList;
			buildConfigurations = (
				CD033ADA1CEEB0B1009A5333 /* Debug */,
				CD033ADB1CEEB0B1009A5333 /* Release */,
			);
			defaultConfigurationIsVisible = 0;
			defaultConfigurationName = Release;
		};
/* End XCConfigurationList section */
	};
	rootObject = CD033A9E1CEEB0B1009A5333 /* Project object */;
}
